lockfileVersion: '9.0'

settings:
  autoInstallPeers: true
  excludeLinksFromLockfile: false

importers:

  .:
    dependencies:
      '@lexical/react':
        specifier: ^0.38.2
        version: 0.38.2(react-dom@19.2.0(react@19.2.0))(react@19.2.0)(yjs@13.6.27)
      lexical:
        specifier: ^0.38.2
        version: 0.38.2
      react:
        specifier: ^19.0.0
        version: 19.2.0
      react-dom:
        specifier: ^19.0.0
        version: 19.2.0(react@19.2.0)
    devDependencies:
      '@types/react':
        specifier: ^19.2.5
        version: 19.2.5
      '@types/react-dom':
        specifier: ^19.2.3
        version: 19.2.3(@types/react@19.2.5)
      tsdown:
        specifier: ^0.16.5
        version: 0.16.5

packages:

  '@babel/generator@7.28.5':
    resolution: {integrity: sha512-3EwLFhZ38J4VyIP6WNtt2kUdW9dokXA9Cr4IVIFHuCpZ3H8/YFOl5JjZHisrn1fATPBmKKqXzDFvh9fUwHz6CQ==}
    engines: {node: '>=6.9.0'}

  '@babel/helper-string-parser@7.27.1':
    resolution: {integrity: sha512-qMlSxKbpRlAridDExk92nSobyDdpPijUq2DW6oDnUqd0iOGxmQjyqhMIihI9+zv4LPyZdRje2cavWPbCbWm3eA==}
    engines: {node: '>=6.9.0'}

  '@babel/helper-validator-identifier@7.28.5':
    resolution: {integrity: sha512-qSs4ifwzKJSV39ucNjsvc6WVHs6b7S03sOh2OcHF9UHfVPqWWALUsNUVzhSBiItjRZoLHx7nIarVjqKVusUZ1Q==}
    engines: {node: '>=6.9.0'}

  '@babel/parser@7.28.5':
    resolution: {integrity: sha512-KKBU1VGYR7ORr3At5HAtUQ+TV3SzRCXmA/8OdDZiLDBIZxVyzXuztPjfLd3BV1PRAQGCMWWSHYhL0F8d5uHBDQ==}
    engines: {node: '>=6.0.0'}
    hasBin: true

  '@babel/runtime@7.28.4':
    resolution: {integrity: sha512-Q/N6JNWvIvPnLDvjlE1OUBLPQHH6l3CltCEsHIujp45zQUSSh8K+gHnaEX45yAT1nyngnINhvWtzN+Nb9D8RAQ==}
    engines: {node: '>=6.9.0'}

  '@babel/types@7.28.5':
    resolution: {integrity: sha512-qQ5m48eI/MFLQ5PxQj4PFaprjyCTLI37ElWMmNs0K8Lk3dVeOdNpB3ks8jc7yM5CDmVC73eMVk/trk3fgmrUpA==}
    engines: {node: '>=6.9.0'}

  '@emnapi/core@1.7.1':
    resolution: {integrity: sha512-o1uhUASyo921r2XtHYOHy7gdkGLge8ghBEQHMWmyJFoXlpU58kIrhhN3w26lpQb6dspetweapMn2CSNwQ8I4wg==}

  '@emnapi/runtime@1.7.1':
    resolution: {integrity: sha512-PVtJr5CmLwYAU9PZDMITZoR5iAOShYREoR45EyyLrbntV50mdePTgUn4AmOw90Ifcj+x2kRjdzr1HP3RrNiHGA==}

  '@emnapi/wasi-threads@1.1.0':
    resolution: {integrity: sha512-WI0DdZ8xFSbgMjR1sFsKABJ/C5OnRrjT06JXbZKexJGrDuPTzZdDYfFlsgcCXCyf+suG5QU2e/y1Wo2V/OapLQ==}

  '@floating-ui/core@1.7.3':
    resolution: {integrity: sha512-sGnvb5dmrJaKEZ+LDIpguvdX3bDlEllmv4/ClQ9awcmCZrlx5jQyyMWFM5kBI+EyNOCDDiKk8il0zeuX3Zlg/w==}

  '@floating-ui/dom@1.7.4':
    resolution: {integrity: sha512-OOchDgh4F2CchOX94cRVqhvy7b3AFb+/rQXyswmzmGakRfkMgoWVjfnLWkRirfLEfuD4ysVW16eXzwt3jHIzKA==}

  '@floating-ui/react-dom@2.1.6':
    resolution: {integrity: sha512-4JX6rEatQEvlmgU80wZyq9RT96HZJa88q8hp0pBd+LrczeDI4o6uA2M+uvxngVHo4Ihr8uibXxH6+70zhAFrVw==}
    peerDependencies:
      react: '>=16.8.0'
      react-dom: '>=16.8.0'

  '@floating-ui/react@0.27.16':
    resolution: {integrity: sha512-9O8N4SeG2z++TSM8QA/KTeKFBVCNEz/AGS7gWPJf6KFRzmRWixFRnCnkPHRDwSVZW6QPDO6uT0P2SpWNKCc9/g==}
    peerDependencies:
      react: '>=17.0.0'
      react-dom: '>=17.0.0'

  '@floating-ui/utils@0.2.10':
    resolution: {integrity: sha512-aGTxbpbg8/b5JfU1HXSrbH3wXZuLPJcNEcZQFMxLs3oSzgtVu6nFPkbbGGUvBcUjKV2YyB9Wxxabo+HEH9tcRQ==}

  '@jridgewell/gen-mapping@0.3.13':
    resolution: {integrity: sha512-2kkt/7niJ6MgEPxF0bYdQ6etZaA+fQvDcLKckhy1yIQOzaoKjBBjSj63/aLVjYE3qhRt5dvM+uUyfCg6UKCBbA==}

  '@jridgewell/resolve-uri@3.1.2':
    resolution: {integrity: sha512-bRISgCIjP20/tbWSPWMEi54QVPRZExkuD9lJL+UIxUKtwVJA8wW1Trb1jMs1RFXo1CBTNZ/5hpC9QvmKWdopKw==}
    engines: {node: '>=6.0.0'}

  '@jridgewell/sourcemap-codec@1.5.5':
    resolution: {integrity: sha512-cYQ9310grqxueWbl+WuIUIaiUaDcj7WOq5fVhEljNVgRfOUhY9fy2zTvfoqWsnebh8Sl70VScFbICvJnLKB0Og==}

  '@jridgewell/trace-mapping@0.3.31':
    resolution: {integrity: sha512-zzNR+SdQSDJzc8joaeP8QQoCQr8NuYx2dIIytl1QeBEZHJ9uW6hebsrYgbz8hJwUQao3TWCMtmfV8Nu1twOLAw==}

  '@lexical/clipboard@0.38.2':
    resolution: {integrity: sha512-dDShUplCu8/o6BB9ousr3uFZ9bltR+HtleF/Tl8FXFNPpZ4AXhbLKUoJuucRuIr+zqT7RxEv/3M6pk/HEoE6NQ==}

  '@lexical/code@0.38.2':
    resolution: {integrity: sha512-wpqgbmPsfi/+8SYP0zI2kml09fGPRhzO5litR9DIbbSGvcbawMbRNcKLO81DaTbsJRnBJiQvbBBBJAwZKRqgBw==}

  '@lexical/devtools-core@0.38.2':
    resolution: {integrity: sha512-hlN0q7taHNzG47xKynQLCAFEPOL8l6IP79C2M18/FE1+htqNP35q4rWhYhsptGlKo4me4PtiME7mskvr7T4yqA==}
    peerDependencies:
      react: '>=17.x'
      react-dom: '>=17.x'

  '@lexical/dragon@0.38.2':
    resolution: {integrity: sha512-riOhgo+l4oN50RnLGhcqeUokVlMZRc+NDrxRNs2lyKSUdC4vAhAmAVUHDqYPyb4K4ZSw4ebZ3j8hI2zO4O3BbA==}

  '@lexical/extension@0.38.2':
    resolution: {integrity: sha512-qbUNxEVjAC0kxp7hEMTzktj0/51SyJoIJWK6Gm790b4yNBq82fEPkksfuLkRg9VQUteD0RT1Nkjy8pho8nNamw==}

  '@lexical/hashtag@0.38.2':
    resolution: {integrity: sha512-jNI4Pv+plth39bjOeeQegMypkjDmoMWBMZtV0lCynBpkkPFlfMnyL9uzW/IxkZnX8LXWSw5mbWk07nqOUNTCrA==}

  '@lexical/history@0.38.2':
    resolution: {integrity: sha512-QWPwoVDMe/oJ0+TFhy78TDi7TWU/8bcDRFUNk1nWgbq7+2m+5MMoj90LmOFwakQHnCVovgba2qj+atZrab1dsQ==}

  '@lexical/html@0.38.2':
    resolution: {integrity: sha512-pC5AV+07bmHistRwgG3NJzBMlIzSdxYO6rJU4eBNzyR4becdiLsI4iuv+aY7PhfSv+SCs7QJ9oc4i5caq48Pkg==}

  '@lexical/link@0.38.2':
    resolution: {integrity: sha512-UOKTyYqrdCR9+7GmH6ZVqJTmqYefKGMUHMGljyGks+OjOGZAQs78S1QgcPEqltDy+SSdPSYK7wAo6gjxZfEq9g==}

  '@lexical/list@0.38.2':
    resolution: {integrity: sha512-OQm9TzatlMrDZGxMxbozZEHzMJhKxAbH1TOnOGyFfzpfjbnFK2y8oLeVsfQZfZRmiqQS4Qc/rpFnRP2Ax5dsbA==}

  '@lexical/mark@0.38.2':
    resolution: {integrity: sha512-U+8KGwc3cP5DxSs15HfkP2YZJDs5wMbWQAwpGqep9bKphgxUgjPViKhdi+PxIt2QEzk7WcoZWUsK1d2ty/vSmg==}

  '@lexical/markdown@0.38.2':
    resolution: {integrity: sha512-ykQJ9KUpCs1+Ak6ZhQMP6Slai4/CxfLEGg/rSHNVGbcd7OaH/ICtZN5jOmIe9ExfXMWy1o8PyMu+oAM3+AWFgA==}

  '@lexical/offset@0.38.2':
    resolution: {integrity: sha512-uDky2palcY+gE6WTv6q2umm2ioTUnVqcaWlEcchP6A310rI08n6rbpmkaLSIh3mT2GJQN2QcN2x0ct5BQmKIpA==}

  '@lexical/overflow@0.38.2':
    resolution: {integrity: sha512-f6vkTf+YZF0EuKvUK3goh4jrnF+Z0koiNMO+7rhSMLooc5IlD/4XXix4ZLiIktUWq4BhO84b82qtrO+6oPUxtw==}

  '@lexical/plain-text@0.38.2':
    resolution: {integrity: sha512-xRYNHJJFCbaQgr0uErW8Im2Phv1nWHIT4VSoAlBYqLuVGZBD4p61dqheBwqXWlGGJFk+MY5C5URLiMicgpol7A==}

  '@lexical/react@0.38.2':
    resolution: {integrity: sha512-M3z3MkWyw3Msg4Hojr5TnO4TzL71NVPVNGoavESjdgJbTdv1ezcQqjE4feq+qs7H9jytZeuK8wsEOJfSPmNd8w==}
    peerDependencies:
      react: '>=17.x'
      react-dom: '>=17.x'

  '@lexical/rich-text@0.38.2':
    resolution: {integrity: sha512-eFjeOT7YnDZYpty7Zlwlct0UxUSaYu53uLYG+Prs3NoKzsfEK7e7nYsy/BbQFfk5HoM1pYuYxFR2iIX62+YHGw==}

  '@lexical/selection@0.38.2':
    resolution: {integrity: sha512-eMFiWlBH6bEX9U9sMJ6PXPxVXTrihQfFeiIlWLuTpEIDF2HRz7Uo1KFRC/yN6q0DQaj7d9NZYA6Mei5DoQuz5w==}

  '@lexical/table@0.38.2':
    resolution: {integrity: sha512-uu0i7yz0nbClmHOO5ZFsinRJE6vQnFz2YPblYHAlNigiBedhqMwSv5bedrzDq8nTTHwych3mC63tcyKIrM+I1g==}

  '@lexical/text@0.38.2':
    resolution: {integrity: sha512-+juZxUugtC4T37aE3P0l4I9tsWbogDUnTI/mgYk4Ht9g+gLJnhQkzSA8chIyfTxbj5i0A8yWrUUSw+/xA7lKUQ==}

  '@lexical/utils@0.38.2':
    resolution: {integrity: sha512-y+3rw15r4oAWIEXicUdNjfk8018dbKl7dWHqGHVEtqzAYefnEYdfD2FJ5KOTXfeoYfxi8yOW7FvzS4NZDi8Bfw==}

  '@lexical/yjs@0.38.2':
    resolution: {integrity: sha512-fg6ZHNrVQmy1AAxaTs8HrFbeNTJCaCoEDPi6pqypHQU3QVfqr4nq0L0EcHU/TRlR1CeduEPvZZIjUUxWTZ0u8g==}
    peerDependencies:
      yjs: '>=13.5.22'

  '@napi-rs/wasm-runtime@1.0.7':
    resolution: {integrity: sha512-SeDnOO0Tk7Okiq6DbXmmBODgOAb9dp9gjlphokTUxmt8U3liIP1ZsozBahH69j/RJv+Rfs6IwUKHTgQYJ/HBAw==}

  '@oxc-project/runtime@0.97.0':
    resolution: {integrity: sha512-yH0zw7z+jEws4dZ4IUKoix5Lh3yhqIJWF9Dc8PWvhpo7U7O+lJrv7ZZL4BeRO0la8LBQFwcCewtLBnVV7hPe/w==}
    engines: {node: ^20.19.0 || >=22.12.0}

  '@oxc-project/types@0.97.0':
    resolution: {integrity: sha512-lxmZK4xFrdvU0yZiDwgVQTCvh2gHWBJCBk5ALsrtsBWhs0uDIi+FTOnXRQeQfs304imdvTdaakT/lqwQ8hkOXQ==}

  '@preact/signals-core@1.12.1':
    resolution: {integrity: sha512-BwbTXpj+9QutoZLQvbttRg5x3l5468qaV2kufh+51yha1c53ep5dY4kTuZR35+3pAZxpfQerGJiQqg34ZNZ6uA==}

  '@quansync/fs@0.1.5':
    resolution: {integrity: sha512-lNS9hL2aS2NZgNW7BBj+6EBl4rOf8l+tQ0eRY6JWCI8jI2kc53gSoqbjojU0OnAWhzoXiOjFyGsHcDGePB3lhA==}

  '@rolldown/binding-android-arm64@1.0.0-beta.50':
    resolution: {integrity: sha512-XlEkrOIHLyGT3avOgzfTFSjG+f+dZMw+/qd+Y3HLN86wlndrB/gSimrJCk4gOhr1XtRtEKfszpadI3Md4Z4/Ag==}
    engines: {node: ^20.19.0 || >=22.12.0}
    cpu: [arm64]
    os: [android]

  '@rolldown/binding-darwin-arm64@1.0.0-beta.50':
    resolution: {integrity: sha512-+JRqKJhoFlt5r9q+DecAGPLZ5PxeLva+wCMtAuoFMWPoZzgcYrr599KQ+Ix0jwll4B4HGP43avu9My8KtSOR+w==}
    engines: {node: ^20.19.0 || >=22.12.0}
    cpu: [arm64]
    os: [darwin]

  '@rolldown/binding-darwin-x64@1.0.0-beta.50':
    resolution: {integrity: sha512-fFXDjXnuX7/gQZQm/1FoivVtRcyAzdjSik7Eo+9iwPQ9EgtA5/nB2+jmbzaKtMGG3q+BnZbdKHCtOacmNrkIDA==}
    engines: {node: ^20.19.0 || >=22.12.0}
    cpu: [x64]
    os: [darwin]

  '@rolldown/binding-freebsd-x64@1.0.0-beta.50':
    resolution: {integrity: sha512-F1b6vARy49tjmT/hbloplzgJS7GIvwWZqt+tAHEstCh0JIh9sa8FAMVqEmYxDviqKBaAI8iVvUREm/Kh/PD26Q==}
    engines: {node: ^20.19.0 || >=22.12.0}
    cpu: [x64]
    os: [freebsd]

  '@rolldown/binding-linux-arm-gnueabihf@1.0.0-beta.50':
    resolution: {integrity: sha512-U6cR76N8T8M6lHj7EZrQ3xunLPxSvYYxA8vJsBKZiFZkT8YV4kjgCO3KwMJL0NOjQCPGKyiXO07U+KmJzdPGRw==}
    engines: {node: ^20.19.0 || >=22.12.0}
    cpu: [arm]
    os: [linux]

  '@rolldown/binding-linux-arm64-gnu@1.0.0-beta.50':
    resolution: {integrity: sha512-ONgyjofCrrE3bnh5GZb8EINSFyR/hmwTzZ7oVuyUB170lboza1VMCnb8jgE6MsyyRgHYmN8Lb59i3NKGrxrYjw==}
    engines: {node: ^20.19.0 || >=22.12.0}
    cpu: [arm64]
    os: [linux]

  '@rolldown/binding-linux-arm64-musl@1.0.0-beta.50':
    resolution: {integrity: sha512-L0zRdH2oDPkmB+wvuTl+dJbXCsx62SkqcEqdM+79LOcB+PxbAxxjzHU14BuZIQdXcAVDzfpMfaHWzZuwhhBTcw==}
    engines: {node: ^20.19.0 || >=22.12.0}
    cpu: [arm64]
    os: [linux]

  '@rolldown/binding-linux-x64-gnu@1.0.0-beta.50':
    resolution: {integrity: sha512-gyoI8o/TGpQd3OzkJnh1M2kxy1Bisg8qJ5Gci0sXm9yLFzEXIFdtc4EAzepxGvrT2ri99ar5rdsmNG0zP0SbIg==}
    engines: {node: ^20.19.0 || >=22.12.0}
    cpu: [x64]
    os: [linux]

  '@rolldown/binding-linux-x64-musl@1.0.0-beta.50':
    resolution: {integrity: sha512-zti8A7M+xFDpKlghpcCAzyOi+e5nfUl3QhU023ce5NCgUxRG5zGP2GR9LTydQ1rnIPwZUVBWd4o7NjZDaQxaXA==}
    engines: {node: ^20.19.0 || >=22.12.0}
    cpu: [x64]
    os: [linux]

  '@rolldown/binding-openharmony-arm64@1.0.0-beta.50':
    resolution: {integrity: sha512-eZUssog7qljrrRU9Mi0eqYEPm3Ch0UwB+qlWPMKSUXHNqhm3TvDZarJQdTevGEfu3EHAXJvBIe0YFYr0TPVaMA==}
    engines: {node: ^20.19.0 || >=22.12.0}
    cpu: [arm64]
    os: [openharmony]

  '@rolldown/binding-wasm32-wasi@1.0.0-beta.50':
    resolution: {integrity: sha512-nmCN0nIdeUnmgeDXiQ+2HU6FT162o+rxnF7WMkBm4M5Ds8qTU7Dzv2Wrf22bo4ftnlrb2hKK6FSwAJSAe2FWLg==}
    engines: {node: '>=14.0.0'}
    cpu: [wasm32]

  '@rolldown/binding-win32-arm64-msvc@1.0.0-beta.50':
    resolution: {integrity: sha512-7kcNLi7Ua59JTTLvbe1dYb028QEPaJPJQHqkmSZ5q3tJueUeb6yjRtx8mw4uIqgWZcnQHAR3PrLN4XRJxvgIkA==}
    engines: {node: ^20.19.0 || >=22.12.0}
    cpu: [arm64]
    os: [win32]

  '@rolldown/binding-win32-ia32-msvc@1.0.0-beta.50':
    resolution: {integrity: sha512-lL70VTNvSCdSZkDPPVMwWn/M2yQiYvSoXw9hTLgdIWdUfC3g72UaruezusR6ceRuwHCY1Ayu2LtKqXkBO5LIwg==}
    engines: {node: ^20.19.0 || >=22.12.0}
    cpu: [ia32]
    os: [win32]

  '@rolldown/binding-win32-x64-msvc@1.0.0-beta.50':
    resolution: {integrity: sha512-4qU4x5DXWB4JPjyTne/wBNPqkbQU8J45bl21geERBKtEittleonioACBL1R0PsBu0Aq21SwMK5a9zdBkWSlQtQ==}
    engines: {node: ^20.19.0 || >=22.12.0}
    cpu: [x64]
    os: [win32]

  '@rolldown/pluginutils@1.0.0-beta.50':
    resolution: {integrity: sha512-5e76wQiQVeL1ICOZVUg4LSOVYg9jyhGCin+icYozhsUzM+fHE7kddi1bdiE0jwVqTfkjba3jUFbEkoC9WkdvyA==}

  '@tybys/wasm-util@0.10.1':
    resolution: {integrity: sha512-9tTaPJLSiejZKx+Bmog4uSubteqTvFrVrURwkmHixBo0G4seD0zUxp98E1DzUBJxLQ3NPwXrGKDiVjwx/DpPsg==}

  '@types/react-dom@19.2.3':
    resolution: {integrity: sha512-jp2L/eY6fn+KgVVQAOqYItbF0VY/YApe5Mz2F0aykSO8gx31bYCZyvSeYxCHKvzHG5eZjc+zyaS5BrBWya2+kQ==}
    peerDependencies:
      '@types/react': ^19.2.0

  '@types/react@19.2.5':
    resolution: {integrity: sha512-keKxkZMqnDicuvFoJbzrhbtdLSPhj/rZThDlKWCDbgXmUg0rEUFtRssDXKYmtXluZlIqiC5VqkCgRwzuyLHKHw==}

  ansis@4.2.0:
    resolution: {integrity: sha512-HqZ5rWlFjGiV0tDm3UxxgNRqsOTniqoKZu0pIAfh7TZQMGuZK+hH0drySty0si0QXj1ieop4+SkSfPZBPPkHig==}
    engines: {node: '>=14'}

  ast-kit@2.2.0:
    resolution: {integrity: sha512-m1Q/RaVOnTp9JxPX+F+Zn7IcLYMzM8kZofDImfsKZd8MbR+ikdOzTeztStWqfrqIxZnYWryyI9ePm3NGjnZgGw==}
    engines: {node: '>=20.19.0'}

  birpc@2.8.0:
    resolution: {integrity: sha512-Bz2a4qD/5GRhiHSwj30c/8kC8QGj12nNDwz3D4ErQ4Xhy35dsSDvF+RA/tWpjyU0pdGtSDiEk6B5fBGE1qNVhw==}

  cac@6.7.14:
    resolution: {integrity: sha512-b6Ilus+c3RrdDk+JhLKUAQfzzgLEPy6wcXqS7f/xe1EETvsDP6GORG7SFuOs6cID5YkqchW/LXZbX5bc8j7ZcQ==}
    engines: {node: '>=8'}

  chokidar@4.0.3:
    resolution: {integrity: sha512-Qgzu8kfBvo+cA4962jnP1KkS6Dop5NS6g7R5LFYJr4b8Ub94PPQXUksCw9PvXoeXPRRddRNC5C1JQUR2SMGtnA==}
    engines: {node: '>= 14.16.0'}

  csstype@3.2.3:
    resolution: {integrity: sha512-z1HGKcYy2xA8AGQfwrn0PAy+PB7X/GSj3UVJW9qKyn43xWa+gl5nXmU4qqLMRzWVLFC8KusUX8T/0kCiOYpAIQ==}

  diff@8.0.2:
    resolution: {integrity: sha512-sSuxWU5j5SR9QQji/o2qMvqRNYRDOcBTgsJ/DeCf4iSN4gW+gNMXM7wFIP+fdXZxoNiAnHUTGjCr+TSWXdRDKg==}
    engines: {node: '>=0.3.1'}

  dts-resolver@2.1.3:
    resolution: {integrity: sha512-bihc7jPC90VrosXNzK0LTE2cuLP6jr0Ro8jk+kMugHReJVLIpHz/xadeq3MhuwyO4TD4OA3L1Q8pBBFRc08Tsw==}
    engines: {node: '>=20.19.0'}
    peerDependencies:
      oxc-resolver: '>=11.0.0'
    peerDependenciesMeta:
      oxc-resolver:
        optional: true

  empathic@2.0.0:
    resolution: {integrity: sha512-i6UzDscO/XfAcNYD75CfICkmfLedpyPDdozrLMmQc5ORaQcdMoc21OnlEylMIqI7U8eniKrPMxxtj8k0vhmJhA==}
    engines: {node: '>=14'}

  fdir@6.5.0:
    resolution: {integrity: sha512-tIbYtZbucOs0BRGqPJkshJUYdL+SDH7dVM8gjy+ERp3WAUjLEFJE+02kanyHtwjWOnwrKYBiwAmM0p4kLJAnXg==}
    engines: {node: '>=12.0.0'}
    peerDependencies:
      picomatch: ^3 || ^4
    peerDependenciesMeta:
      picomatch:
        optional: true

  get-tsconfig@4.13.0:
    resolution: {integrity: sha512-1VKTZJCwBrvbd+Wn3AOgQP/2Av+TfTCOlE4AcRJE72W1ksZXbAx8PPBR9RzgTeSPzlPMHrbANMH3LbltH73wxQ==}

  hookable@5.5.3:
    resolution: {integrity: sha512-Yc+BQe8SvoXH1643Qez1zqLRmbA5rCL+sSmk6TVos0LWVfNIB7PGncdlId77WzLGSIB5KaWgTaNTs2lNVEI6VQ==}

  isomorphic.js@0.2.5:
    resolution: {integrity: sha512-PIeMbHqMt4DnUP3MA/Flc0HElYjMXArsw1qwJZcm9sqR8mq3l8NYizFMty0pWwE/tzIGH3EKK5+jes5mAr85yw==}

  jsesc@3.1.0:
    resolution: {integrity: sha512-/sM3dO2FOzXjKQhJuo0Q173wf2KOo8t4I8vHy6lF9poUp7bKT0/NHE8fPX23PwfhnykfqnC2xRxOnVw5XuGIaA==}
    engines: {node: '>=6'}
    hasBin: true

  lexical@0.38.2:
    resolution: {integrity: sha512-JJmfsG3c4gwBHzUGffbV7ifMNkKAWMCnYE3xJl87gty7hjyV5f3xq7eqTjP5HFYvO4XpjJvvWO2/djHp5S10tw==}

  lib0@0.2.114:
    resolution: {integrity: sha512-gcxmNFzA4hv8UYi8j43uPlQ7CGcyMJ2KQb5kZASw6SnAKAf10hK12i2fjrS3Cl/ugZa5Ui6WwIu1/6MIXiHttQ==}
    engines: {node: '>=16'}
    hasBin: true

  magic-string@0.30.21:
    resolution: {integrity: sha512-vd2F4YUyEXKGcLHoq+TEyCjxueSeHnFxyyjNp80yg0XV4vUhnDer/lvvlqM/arB5bXQN5K2/3oinyCRyx8T2CQ==}

  obug@2.0.0:
    resolution: {integrity: sha512-dpSQuPXoKUjulinHmXjZV1YIRhOLEqBl1J6PYi9mRQR2dYcSK+OULRr+GuT1vufk2f40mtIOqmSL/aTikjmq5Q==}
    peerDependencies:
      ms: ^2.0.0
    peerDependenciesMeta:
      ms:
        optional: true

  pathe@2.0.3:
    resolution: {integrity: sha512-WUjGcAqP1gQacoQe+OBJsFA7Ld4DyXuUIjZ5cc75cLHvJ7dtNsTugphxIADwspS+AraAUePCKrSVtPLFj/F88w==}

  picomatch@4.0.3:
    resolution: {integrity: sha512-5gTmgEY/sqK6gFXLIsQNH19lWb4ebPDLA4SdLP7dsWkIXHWlG66oPuVvXSGFPppYZz8ZDZq0dYYrbHfBCVUb1Q==}
    engines: {node: '>=12'}

  prismjs@1.30.0:
    resolution: {integrity: sha512-DEvV2ZF2r2/63V+tK8hQvrR2ZGn10srHbXviTlcv7Kpzw8jWiNTqbVgjO3IY8RxrrOUF8VPMQQFysYYYv0YZxw==}
    engines: {node: '>=6'}

  quansync@0.2.11:
    resolution: {integrity: sha512-AifT7QEbW9Nri4tAwR5M/uzpBuqfZf+zwaEM/QkzEjj7NBuFD2rBuy0K3dE+8wltbezDV7JMA0WfnCPYRSYbXA==}

  react-dom@19.2.0:
    resolution: {integrity: sha512-UlbRu4cAiGaIewkPyiRGJk0imDN2T3JjieT6spoL2UeSf5od4n5LB/mQ4ejmxhCFT1tYe8IvaFulzynWovsEFQ==}
    peerDependencies:
      react: ^19.2.0

  react-error-boundary@6.0.0:
    resolution: {integrity: sha512-gdlJjD7NWr0IfkPlaREN2d9uUZUlksrfOx7SX62VRerwXbMY6ftGCIZua1VG1aXFNOimhISsTq+Owp725b9SiA==}
    peerDependencies:
      react: '>=16.13.1'

  react@19.2.0:
    resolution: {integrity: sha512-tmbWg6W31tQLeB5cdIBOicJDJRR2KzXsV7uSK9iNfLWQ5bIZfxuPEHp7M8wiHyHnn0DD1i7w3Zmin0FtkrwoCQ==}
    engines: {node: '>=0.10.0'}

  readdirp@4.1.2:
    resolution: {integrity: sha512-GDhwkLfywWL2s6vEjyhri+eXmfH6j1L7JE27WhqLeYzoh/A3DBaYGEj2H/HFZCn/kMfim73FXxEJTw06WtxQwg==}
    engines: {node: '>= 14.18.0'}

  resolve-pkg-maps@1.0.0:
    resolution: {integrity: sha512-seS2Tj26TBVOC2NIc2rOe2y2ZO7efxITtLZcGSOnHHNOQ7CkiUBfw0Iw2ck6xkIhPwLhKNLS8BO+hEpngQlqzw==}

  rolldown-plugin-dts@0.17.8:
    resolution: {integrity: sha512-76EEBlhF00yeY6M7VpMkWKI4r9WjuoMiOGey7j4D6zf3m0BR+ZrrY9hvSXdueJ3ljxSLq4DJBKFpX/X9+L7EKw==}
    engines: {node: '>=20.19.0'}
    peerDependencies:
      '@ts-macro/tsc': ^0.3.6
      '@typescript/native-preview': '>=7.0.0-dev.20250601.1'
      rolldown: ^1.0.0-beta.44
      typescript: ^5.0.0
      vue-tsc: ~3.1.0
    peerDependenciesMeta:
      '@ts-macro/tsc':
        optional: true
      '@typescript/native-preview':
        optional: true
      typescript:
        optional: true
      vue-tsc:
        optional: true

  rolldown@1.0.0-beta.50:
    resolution: {integrity: sha512-JFULvCNl/anKn99eKjOSEubi0lLmNqQDAjyEMME2T4CwezUDL0i6t1O9xZsu2OMehPnV2caNefWpGF+8TnzB6A==}
    engines: {node: ^20.19.0 || >=22.12.0}
    hasBin: true

  scheduler@0.27.0:
    resolution: {integrity: sha512-eNv+WrVbKu1f3vbYJT/xtiF5syA5HPIMtf9IgY/nKg0sWqzAUEvqY/xm7OcZc/qafLx/iO9FgOmeSAp4v5ti/Q==}

  semver@7.7.3:
    resolution: {integrity: sha512-SdsKMrI9TdgjdweUSR9MweHA4EJ8YxHn8DFaDisvhVlUOe4BF1tLD7GAj0lIqWVl+dPb/rExr0Btby5loQm20Q==}
    engines: {node: '>=10'}
    hasBin: true

  tabbable@6.3.0:
    resolution: {integrity: sha512-EIHvdY5bPLuWForiR/AN2Bxngzpuwn1is4asboytXtpTgsArc+WmSJKVLlhdh71u7jFcryDqB2A8lQvj78MkyQ==}

  tinyexec@1.0.2:
    resolution: {integrity: sha512-W/KYk+NFhkmsYpuHq5JykngiOCnxeVL8v8dFnqxSD8qEEdRfXk1SDM6JzNqcERbcGYj9tMrDQBYV9cjgnunFIg==}
    engines: {node: '>=18'}

  tinyglobby@0.2.15:
    resolution: {integrity: sha512-j2Zq4NyQYG5XMST4cbs02Ak8iJUdxRM0XI5QyxXuZOzKOINmWurp3smXu3y5wDcJrptwpSjgXHzIQxR0omXljQ==}
    engines: {node: '>=12.0.0'}

  tree-kill@1.2.2:
    resolution: {integrity: sha512-L0Orpi8qGpRG//Nd+H90vFB+3iHnue1zSSGmNOOCh1GLJ7rUKVwV2HvijphGQS2UmhUZewS9VgvxYIdgr+fG1A==}
    hasBin: true

  tsdown@0.16.5:
    resolution: {integrity: sha512-jo/2MmJI1uNJ+QvwEfF/2DcICd2Bc/Gc/XIVJS9Gvfns7ji5TgUeu3kYfG8nA/mGgWXU8REpTNweIcVJQoSLAQ==}
    engines: {node: '>=20.19.0'}
    hasBin: true
    peerDependencies:
      '@arethetypeswrong/core': ^0.18.1
      '@vitejs/devtools': ^0.0.0-alpha.17
      publint: ^0.3.0
      typescript: ^5.0.0
      unplugin-lightningcss: ^0.4.0
      unplugin-unused: ^0.5.0
    peerDependenciesMeta:
      '@arethetypeswrong/core':
        optional: true
      '@vitejs/devtools':
        optional: true
      publint:
        optional: true
      typescript:
        optional: true
      unplugin-lightningcss:
        optional: true
      unplugin-unused:
        optional: true

  tslib@2.8.1:
    resolution: {integrity: sha512-oJFu94HQb+KVduSUQL7wnpmqnfmLsOA/nAh6b6EH0wCEoK0/mPeXU6c3wKDV83MkOuHPRHtSXKKU99IBazS/2w==}

  unconfig-core@7.4.1:
    resolution: {integrity: sha512-Bp/bPZjV2Vl/fofoA2OYLSnw1Z0MOhCX7zHnVCYrazpfZvseBbGhwcNQMxsg185Mqh7VZQqK3C8hFG/Dyng+yA==}

  unrun@0.2.10:
    resolution: {integrity: sha512-IcQCpGp3oawzr2ANNmMCh2XNssrDueQvoOfC/ranG4Enq0vVCCLfen+sJTaLYKR22vxZttF2KvvaubgbUadTqA==}
    engines: {node: '>=20.19.0'}
    hasBin: true
    peerDependencies:
      synckit: ^0.11.11
    peerDependenciesMeta:
      synckit:
        optional: true

  yjs@13.6.27:
    resolution: {integrity: sha512-OIDwaflOaq4wC6YlPBy2L6ceKeKuF7DeTxx+jPzv1FHn9tCZ0ZwSRnUBxD05E3yed46fv/FWJbvR+Ud7x0L7zw==}
    engines: {node: '>=16.0.0', npm: '>=8.0.0'}

snapshots:

  '@babel/generator@7.28.5':
    dependencies:
      '@babel/parser': 7.28.5
      '@babel/types': 7.28.5
      '@jridgewell/gen-mapping': 0.3.13
      '@jridgewell/trace-mapping': 0.3.31
      jsesc: 3.1.0

  '@babel/helper-string-parser@7.27.1': {}

  '@babel/helper-validator-identifier@7.28.5': {}

  '@babel/parser@7.28.5':
    dependencies:
      '@babel/types': 7.28.5

  '@babel/runtime@7.28.4': {}

  '@babel/types@7.28.5':
    dependencies:
      '@babel/helper-string-parser': 7.27.1
      '@babel/helper-validator-identifier': 7.28.5

  '@emnapi/core@1.7.1':
    dependencies:
      '@emnapi/wasi-threads': 1.1.0
      tslib: 2.8.1
    optional: true

  '@emnapi/runtime@1.7.1':
    dependencies:
      tslib: 2.8.1
    optional: true

  '@emnapi/wasi-threads@1.1.0':
    dependencies:
      tslib: 2.8.1
    optional: true

  '@floating-ui/core@1.7.3':
    dependencies:
      '@floating-ui/utils': 0.2.10

  '@floating-ui/dom@1.7.4':
    dependencies:
      '@floating-ui/core': 1.7.3
      '@floating-ui/utils': 0.2.10

  '@floating-ui/react-dom@2.1.6(react-dom@19.2.0(react@19.2.0))(react@19.2.0)':
    dependencies:
      '@floating-ui/dom': 1.7.4
      react: 19.2.0
      react-dom: 19.2.0(react@19.2.0)

  '@floating-ui/react@0.27.16(react-dom@19.2.0(react@19.2.0))(react@19.2.0)':
    dependencies:
      '@floating-ui/react-dom': 2.1.6(react-dom@19.2.0(react@19.2.0))(react@19.2.0)
      '@floating-ui/utils': 0.2.10
      react: 19.2.0
      react-dom: 19.2.0(react@19.2.0)
      tabbable: 6.3.0

  '@floating-ui/utils@0.2.10': {}

  '@jridgewell/gen-mapping@0.3.13':
    dependencies:
      '@jridgewell/sourcemap-codec': 1.5.5
      '@jridgewell/trace-mapping': 0.3.31

  '@jridgewell/resolve-uri@3.1.2': {}

  '@jridgewell/sourcemap-codec@1.5.5': {}

  '@jridgewell/trace-mapping@0.3.31':
    dependencies:
      '@jridgewell/resolve-uri': 3.1.2
      '@jridgewell/sourcemap-codec': 1.5.5

  '@lexical/clipboard@0.38.2':
    dependencies:
      '@lexical/html': 0.38.2
      '@lexical/list': 0.38.2
      '@lexical/selection': 0.38.2
      '@lexical/utils': 0.38.2
      lexical: 0.38.2

  '@lexical/code@0.38.2':
    dependencies:
      '@lexical/utils': 0.38.2
      lexical: 0.38.2
      prismjs: 1.30.0

  '@lexical/devtools-core@0.38.2(react-dom@19.2.0(react@19.2.0))(react@19.2.0)':
    dependencies:
      '@lexical/html': 0.38.2
      '@lexical/link': 0.38.2
      '@lexical/mark': 0.38.2
      '@lexical/table': 0.38.2
      '@lexical/utils': 0.38.2
      lexical: 0.38.2
      react: 19.2.0
      react-dom: 19.2.0(react@19.2.0)

  '@lexical/dragon@0.38.2':
    dependencies:
      '@lexical/extension': 0.38.2
      lexical: 0.38.2

  '@lexical/extension@0.38.2':
    dependencies:
      '@lexical/utils': 0.38.2
      '@preact/signals-core': 1.12.1
      lexical: 0.38.2

  '@lexical/hashtag@0.38.2':
    dependencies:
      '@lexical/text': 0.38.2
      '@lexical/utils': 0.38.2
      lexical: 0.38.2

  '@lexical/history@0.38.2':
    dependencies:
      '@lexical/extension': 0.38.2
      '@lexical/utils': 0.38.2
      lexical: 0.38.2

  '@lexical/html@0.38.2':
    dependencies:
      '@lexical/selection': 0.38.2
      '@lexical/utils': 0.38.2
      lexical: 0.38.2

  '@lexical/link@0.38.2':
    dependencies:
      '@lexical/extension': 0.38.2
      '@lexical/utils': 0.38.2
      lexical: 0.38.2

  '@lexical/list@0.38.2':
    dependencies:
      '@lexical/extension': 0.38.2
      '@lexical/selection': 0.38.2
      '@lexical/utils': 0.38.2
      lexical: 0.38.2

  '@lexical/mark@0.38.2':
    dependencies:
      '@lexical/utils': 0.38.2
      lexical: 0.38.2

  '@lexical/markdown@0.38.2':
    dependencies:
      '@lexical/code': 0.38.2
      '@lexical/link': 0.38.2
      '@lexical/list': 0.38.2
      '@lexical/rich-text': 0.38.2
      '@lexical/text': 0.38.2
      '@lexical/utils': 0.38.2
      lexical: 0.38.2

  '@lexical/offset@0.38.2':
    dependencies:
      lexical: 0.38.2

  '@lexical/overflow@0.38.2':
    dependencies:
      lexical: 0.38.2

  '@lexical/plain-text@0.38.2':
    dependencies:
      '@lexical/clipboard': 0.38.2
      '@lexical/dragon': 0.38.2
      '@lexical/selection': 0.38.2
      '@lexical/utils': 0.38.2
      lexical: 0.38.2

  '@lexical/react@0.38.2(react-dom@19.2.0(react@19.2.0))(react@19.2.0)(yjs@13.6.27)':
    dependencies:
      '@floating-ui/react': 0.27.16(react-dom@19.2.0(react@19.2.0))(react@19.2.0)
      '@lexical/devtools-core': 0.38.2(react-dom@19.2.0(react@19.2.0))(react@19.2.0)
      '@lexical/dragon': 0.38.2
      '@lexical/extension': 0.38.2
      '@lexical/hashtag': 0.38.2
      '@lexical/history': 0.38.2
      '@lexical/link': 0.38.2
      '@lexical/list': 0.38.2
      '@lexical/mark': 0.38.2
      '@lexical/markdown': 0.38.2
      '@lexical/overflow': 0.38.2
      '@lexical/plain-text': 0.38.2
      '@lexical/rich-text': 0.38.2
      '@lexical/table': 0.38.2
      '@lexical/text': 0.38.2
      '@lexical/utils': 0.38.2
      '@lexical/yjs': 0.38.2(yjs@13.6.27)
      lexical: 0.38.2
      react: 19.2.0
      react-dom: 19.2.0(react@19.2.0)
      react-error-boundary: 6.0.0(react@19.2.0)
    transitivePeerDependencies:
      - yjs

  '@lexical/rich-text@0.38.2':
    dependencies:
      '@lexical/clipboard': 0.38.2
      '@lexical/dragon': 0.38.2
      '@lexical/selection': 0.38.2
      '@lexical/utils': 0.38.2
      lexical: 0.38.2

  '@lexical/selection@0.38.2':
    dependencies:
      lexical: 0.38.2

  '@lexical/table@0.38.2':
    dependencies:
      '@lexical/clipboard': 0.38.2
      '@lexical/extension': 0.38.2
      '@lexical/utils': 0.38.2
      lexical: 0.38.2

  '@lexical/text@0.38.2':
    dependencies:
      lexical: 0.38.2

  '@lexical/utils@0.38.2':
    dependencies:
      '@lexical/list': 0.38.2
      '@lexical/selection': 0.38.2
      '@lexical/table': 0.38.2
      lexical: 0.38.2

  '@lexical/yjs@0.38.2(yjs@13.6.27)':
    dependencies:
      '@lexical/offset': 0.38.2
      '@lexical/selection': 0.38.2
      lexical: 0.38.2
      yjs: 13.6.27

  '@napi-rs/wasm-runtime@1.0.7':
    dependencies:
      '@emnapi/core': 1.7.1
      '@emnapi/runtime': 1.7.1
      '@tybys/wasm-util': 0.10.1
    optional: true

  '@oxc-project/runtime@0.97.0': {}

  '@oxc-project/types@0.97.0': {}

  '@preact/signals-core@1.12.1': {}

  '@quansync/fs@0.1.5':
    dependencies:
      quansync: 0.2.11

  '@rolldown/binding-android-arm64@1.0.0-beta.50':
    optional: true

  '@rolldown/binding-darwin-arm64@1.0.0-beta.50':
    optional: true

  '@rolldown/binding-darwin-x64@1.0.0-beta.50':
    optional: true

  '@rolldown/binding-freebsd-x64@1.0.0-beta.50':
    optional: true

  '@rolldown/binding-linux-arm-gnueabihf@1.0.0-beta.50':
    optional: true

  '@rolldown/binding-linux-arm64-gnu@1.0.0-beta.50':
    optional: true

  '@rolldown/binding-linux-arm64-musl@1.0.0-beta.50':
    optional: true

  '@rolldown/binding-linux-x64-gnu@1.0.0-beta.50':
    optional: true

  '@rolldown/binding-linux-x64-musl@1.0.0-beta.50':
    optional: true

  '@rolldown/binding-openharmony-arm64@1.0.0-beta.50':
    optional: true

  '@rolldown/binding-wasm32-wasi@1.0.0-beta.50':
    dependencies:
      '@napi-rs/wasm-runtime': 1.0.7
    optional: true

  '@rolldown/binding-win32-arm64-msvc@1.0.0-beta.50':
    optional: true

  '@rolldown/binding-win32-ia32-msvc@1.0.0-beta.50':
    optional: true

  '@rolldown/binding-win32-x64-msvc@1.0.0-beta.50':
    optional: true

  '@rolldown/pluginutils@1.0.0-beta.50': {}

  '@tybys/wasm-util@0.10.1':
    dependencies:
      tslib: 2.8.1
    optional: true

  '@types/react-dom@19.2.3(@types/react@19.2.5)':
    dependencies:
      '@types/react': 19.2.5

  '@types/react@19.2.5':
    dependencies:
      csstype: 3.2.3

  ansis@4.2.0: {}

  ast-kit@2.2.0:
    dependencies:
      '@babel/parser': 7.28.5
      pathe: 2.0.3

  birpc@2.8.0: {}

  cac@6.7.14: {}

  chokidar@4.0.3:
    dependencies:
      readdirp: 4.1.2

  csstype@3.2.3: {}

  diff@8.0.2: {}

  dts-resolver@2.1.3: {}

  empathic@2.0.0: {}

  fdir@6.5.0(picomatch@4.0.3):
    optionalDependencies:
      picomatch: 4.0.3

  get-tsconfig@4.13.0:
    dependencies:
      resolve-pkg-maps: 1.0.0

  hookable@5.5.3: {}

  isomorphic.js@0.2.5: {}

  jsesc@3.1.0: {}

  lexical@0.38.2: {}

  lib0@0.2.114:
    dependencies:
      isomorphic.js: 0.2.5

  magic-string@0.30.21:
    dependencies:
      '@jridgewell/sourcemap-codec': 1.5.5

  obug@2.0.0: {}

  pathe@2.0.3: {}

  picomatch@4.0.3: {}

  prismjs@1.30.0: {}

  quansync@0.2.11: {}

  react-dom@19.2.0(react@19.2.0):
    dependencies:
      react: 19.2.0
      scheduler: 0.27.0

  react-error-boundary@6.0.0(react@19.2.0):
    dependencies:
      '@babel/runtime': 7.28.4
      react: 19.2.0

  react@19.2.0: {}

  readdirp@4.1.2: {}

  resolve-pkg-maps@1.0.0: {}

  rolldown-plugin-dts@0.17.8(rolldown@1.0.0-beta.50):
    dependencies:
      '@babel/generator': 7.28.5
      '@babel/parser': 7.28.5
      '@babel/types': 7.28.5
      ast-kit: 2.2.0
      birpc: 2.8.0
      dts-resolver: 2.1.3
      get-tsconfig: 4.13.0
      magic-string: 0.30.21
      obug: 2.0.0
      rolldown: 1.0.0-beta.50
    transitivePeerDependencies:
      - ms
      - oxc-resolver

  rolldown@1.0.0-beta.50:
    dependencies:
      '@oxc-project/types': 0.97.0
      '@rolldown/pluginutils': 1.0.0-beta.50
    optionalDependencies:
      '@rolldown/binding-android-arm64': 1.0.0-beta.50
      '@rolldown/binding-darwin-arm64': 1.0.0-beta.50
      '@rolldown/binding-darwin-x64': 1.0.0-beta.50
      '@rolldown/binding-freebsd-x64': 1.0.0-beta.50
      '@rolldown/binding-linux-arm-gnueabihf': 1.0.0-beta.50
      '@rolldown/binding-linux-arm64-gnu': 1.0.0-beta.50
      '@rolldown/binding-linux-arm64-musl': 1.0.0-beta.50
      '@rolldown/binding-linux-x64-gnu': 1.0.0-beta.50
      '@rolldown/binding-linux-x64-musl': 1.0.0-beta.50
      '@rolldown/binding-openharmony-arm64': 1.0.0-beta.50
      '@rolldown/binding-wasm32-wasi': 1.0.0-beta.50
      '@rolldown/binding-win32-arm64-msvc': 1.0.0-beta.50
      '@rolldown/binding-win32-ia32-msvc': 1.0.0-beta.50
      '@rolldown/binding-win32-x64-msvc': 1.0.0-beta.50

  scheduler@0.27.0: {}

  semver@7.7.3: {}

  tabbable@6.3.0: {}

  tinyexec@1.0.2: {}

  tinyglobby@0.2.15:
    dependencies:
      fdir: 6.5.0(picomatch@4.0.3)
      picomatch: 4.0.3

  tree-kill@1.2.2: {}

  tsdown@0.16.5:
    dependencies:
      ansis: 4.2.0
      cac: 6.7.14
      chokidar: 4.0.3
      diff: 8.0.2
      empathic: 2.0.0
      hookable: 5.5.3
      obug: 2.0.0
      rolldown: 1.0.0-beta.50
      rolldown-plugin-dts: 0.17.8(rolldown@1.0.0-beta.50)
      semver: 7.7.3
      tinyexec: 1.0.2
      tinyglobby: 0.2.15
      tree-kill: 1.2.2
      unconfig-core: 7.4.1
      unrun: 0.2.10
    transitivePeerDependencies:
      - '@ts-macro/tsc'
      - '@typescript/native-preview'
      - ms
      - oxc-resolver
      - synckit
      - vue-tsc

  tslib@2.8.1:
    optional: true

  unconfig-core@7.4.1:
    dependencies:
      '@quansync/fs': 0.1.5
      quansync: 0.2.11

  unrun@0.2.10:
    dependencies:
      '@oxc-project/runtime': 0.97.0
      rolldown: 1.0.0-beta.50

  yjs@13.6.27:
    dependencies:
      lib0: 0.2.114
